{
  "originHash" : "4464005d444828a3d4624ba8b1c5b3fbe5a622a39a60f9ad9687e132a0434508",
  "pins" : [
    {
      "identity" : "wwautolayoutconstraint",
      "kind" : "remoteSourceControl",
      "location" : "https://github.com/William-Weng/WWAutolayoutConstraint",
      "state" : {
        "revision" : "6d128723f19c1161a4617a7990f1054926ba0067",
        "version" : "0.6.4"
      }
    }
  ],
  "version" : 3
}
