{
  "originHash" : "4464005d444828a3d4624ba8b1c5b3fbe5a622a39a60f9ad9687e132a0434508",
  "pins" : [
    {
      "identity" : "wwautolayoutconstraint",
      "kind" : "remoteSourceControl",
      "location" : "https://github.com/William-Weng/WWAutolayoutConstraint",
      "state" : {
        "revision" : "9177a7b06d4c9c5e609dd5d7fbeaf903c5739c88",
        "version" : "0.6.0"
      }
    }
  ],
  "version" : 3
}
