{
  "originHash" : "4464005d444828a3d4624ba8b1c5b3fbe5a622a39a60f9ad9687e132a0434508",
  "pins" : [
    {
      "identity" : "wwautolayoutconstraint",
      "kind" : "remoteSourceControl",
      "location" : "https://github.com/William-Weng/WWAutolayoutConstraint",
      "state" : {
        "revision" : "e539731f1689582c91114b47c2d58447a64d1c05",
        "version" : "0.6.3"
      }
    }
  ],
  "version" : 3
}
